
Microsoft Visual Studio Solution File, Format Version 12.00
# Visual Studio Version 17
VisualStudioVersion = 17.14.37628.2 d17.14
MinimumVisualStudioVersion = 10.0.40219.1
Project("{FAE04EC0-301F-11D3-BF4B-00C04F79EFBC}") = "GitUse", "GitUse\GitUse.csproj", "{278AB320-F01B-4466-A464-5C427063DE86}"
EndProject
Global
	GlobalSection(SolutionConfigurationPlatforms) = preSolution
		Debug|Any CPU = Debug|Any CPU
		Release|Any CPU = Release|Any CPU
	EndGlobalSection
	GlobalSection(ProjectConfigurationPlatforms) = postSolution
		{278AB320-F01B-4466-A464-5C427063DE86}.Debug|Any CPU.ActiveCfg = Debug|Any CPU
		{278AB320-F01B-4466-A464-5C427063DE86}.Debug|Any CPU.Build.0 = Debug|Any CPU
		{278AB320-F01B-4466-A464-5C427063DE86}.Release|Any CPU.ActiveCfg = Release|Any CPU
		{278AB320-F01B-4466-A464-5C427063DE86}.Release|Any CPU.Build.0 = Release|Any CPU
	EndGlobalSection
	GlobalSection(SolutionProperties) = preSolution
		HideSolutionNode = FALSE
	EndGlobalSection
	GlobalSection(ExtensibilityGlobals) = postSolution
		SolutionGuid = {671071EB-5935-4606-8D80-9EA9C36B944A}
	EndGlobalSection
EndGlobal
